
Microsoft Visual Studio Solution File, Format Version 12.00
# Visual Studio Version 17
VisualStudioVersion = 17.8.34322.80
MinimumVisualStudioVersion = 10.0.40219.1
Project("{FAE04EC0-301F-11D3-BF4B-00C04F79EFBC}") = "HPCTechAug2024CardGame", "HPCTechAug2024CardGame\HPCTechAug2024CardGame.csproj", "{1926D40B-2431-465E-B86C-27F181E46CA9}"
EndProject
Global
	GlobalSection(SolutionConfigurationPlatforms) = preSolution
		Debug|Any CPU = Debug|Any CPU
		Release|Any CPU = Release|Any CPU
	EndGlobalSection
	GlobalSection(ProjectConfigurationPlatforms) = postSolution
		{1926D40B-2431-465E-B86C-27F181E46CA9}.Debug|Any CPU.ActiveCfg = Debug|Any CPU
		{1926D40B-2431-465E-B86C-27F181E46CA9}.Debug|Any CPU.Build.0 = Debug|Any CPU
		{1926D40B-2431-465E-B86C-27F181E46CA9}.Release|Any CPU.ActiveCfg = Release|Any CPU
		{1926D40B-2431-465E-B86C-27F181E46CA9}.Release|Any CPU.Build.0 = Release|Any CPU
	EndGlobalSection
	GlobalSection(SolutionProperties) = preSolution
		HideSolutionNode = FALSE
	EndGlobalSection
	GlobalSection(ExtensibilityGlobals) = postSolution
		SolutionGuid = {94A4931D-3AED-45E3-AC97-6D62F10E4776}
	EndGlobalSection
EndGlobal
